{
  "object": {
    "pins": [
      {
        "package": "TreeSitterJSON",
        "repositoryURL": "file:///Users/gustavoordaz/Developer/TreeSitterJSON",
        "state": {
          "branch": null,
          "revision": "1763d96f54868cb2c976f44a721bc02ab818f7fa",
          "version": "0.0.3"
        }
      }
    ]
  },
  "version": 1
}
